
Microsoft Visual Studio Solution File, Format Version 12.00
# Visual Studio Version 17
VisualStudioVersion = 17.4.33213.308
MinimumVisualStudioVersion = 10.0.40219.1
Project("{FAE04EC0-301F-11D3-BF4B-00C04F79EFBC}") = "YouTubeDownloader", "YouTubeDownloader\YouTubeDownloader.csproj", "{CA18173A-9BD1-4F33-A1BD-B1E924E55228}"
EndProject
Global
	GlobalSection(SolutionConfigurationPlatforms) = preSolution
		Debug|Any CPU = Debug|Any CPU
		Release|Any CPU = Release|Any CPU
	EndGlobalSection
	GlobalSection(ProjectConfigurationPlatforms) = postSolution
		{CA18173A-9BD1-4F33-A1BD-B1E924E55228}.Debug|Any CPU.ActiveCfg = Debug|Any CPU
		{CA18173A-9BD1-4F33-A1BD-B1E924E55228}.Debug|Any CPU.Build.0 = Debug|Any CPU
		{CA18173A-9BD1-4F33-A1BD-B1E924E55228}.Release|Any CPU.ActiveCfg = Release|Any CPU
		{CA18173A-9BD1-4F33-A1BD-B1E924E55228}.Release|Any CPU.Build.0 = Release|Any CPU
	EndGlobalSection
	GlobalSection(SolutionProperties) = preSolution
		HideSolutionNode = FALSE
	EndGlobalSection
	GlobalSection(ExtensibilityGlobals) = postSolution
		SolutionGuid = {7015BA87-0A4F-47AC-99DA-125D42451838}
	EndGlobalSection
EndGlobal
